
Microsoft Visual Studio Solution File, Format Version 12.00
# Visual Studio Version 16
VisualStudioVersion = 25.0.1700.5
MinimumVisualStudioVersion = 10.0.40219.1
Project("{FAE04EC0-301F-11D3-BF4B-00C04F79EFBC}") = "UnitTest", "UnitTest\UnitTest.csproj", "{A6631CD1-45B1-4672-BD2F-8188A583178A}"
EndProject
Global
	GlobalSection(SolutionConfigurationPlatforms) = preSolution
		Debug|Any CPU = Debug|Any CPU
		Release|Any CPU = Release|Any CPU
	EndGlobalSection
	GlobalSection(ProjectConfigurationPlatforms) = postSolution
		{A6631CD1-45B1-4672-BD2F-8188A583178A}.Debug|Any CPU.ActiveCfg = Debug|Any CPU
		{A6631CD1-45B1-4672-BD2F-8188A583178A}.Debug|Any CPU.Build.0 = Debug|Any CPU
		{A6631CD1-45B1-4672-BD2F-8188A583178A}.Release|Any CPU.ActiveCfg = Release|Any CPU
		{A6631CD1-45B1-4672-BD2F-8188A583178A}.Release|Any CPU.Build.0 = Release|Any CPU
	EndGlobalSection
	GlobalSection(SolutionProperties) = preSolution
		HideSolutionNode = FALSE
	EndGlobalSection
	GlobalSection(ExtensibilityGlobals) = postSolution
		SolutionGuid = {7F58780F-9F05-49B2-AE74-8BD5113183C2}
	EndGlobalSection
EndGlobal
